
Microsoft Visual Studio Solution File, Format Version 12.00
# Visual Studio 2012
Project("{FAE04EC0-301F-11D3-BF4B-00C04F79EFBC}") = "Narcissus", "Narcissus\Narcissus.csproj", "{5CAE1BDE-3DD1-443C-A173-0141DFA67213}"
EndProject
Global
	GlobalSection(SolutionConfigurationPlatforms) = preSolution
		Debug|iPhoneSimulator = Debug|iPhoneSimulator
		Release|iPhone = Release|iPhone
		Release|iPhoneSimulator = Release|iPhoneSimulator
		Debug|iPhone = Debug|iPhone
	EndGlobalSection
	GlobalSection(ProjectConfigurationPlatforms) = postSolution
		{5CAE1BDE-3DD1-443C-A173-0141DFA67213}.Debug|iPhoneSimulator.ActiveCfg = Debug|iPhoneSimulator
		{5CAE1BDE-3DD1-443C-A173-0141DFA67213}.Debug|iPhoneSimulator.Build.0 = Debug|iPhoneSimulator
		{5CAE1BDE-3DD1-443C-A173-0141DFA67213}.Release|iPhone.ActiveCfg = Release|iPhone
		{5CAE1BDE-3DD1-443C-A173-0141DFA67213}.Release|iPhone.Build.0 = Release|iPhone
		{5CAE1BDE-3DD1-443C-A173-0141DFA67213}.Release|iPhoneSimulator.ActiveCfg = Release|iPhoneSimulator
		{5CAE1BDE-3DD1-443C-A173-0141DFA67213}.Release|iPhoneSimulator.Build.0 = Release|iPhoneSimulator
		{5CAE1BDE-3DD1-443C-A173-0141DFA67213}.Debug|iPhone.ActiveCfg = Debug|iPhone
		{5CAE1BDE-3DD1-443C-A173-0141DFA67213}.Debug|iPhone.Build.0 = Debug|iPhone
	EndGlobalSection
EndGlobal
